// !$*UTF8*$!
{
	archiveVersion = 1;
	classes = {
	};
	objectVersion = 50;
	objects = {

/* Begin PBXFileReference section */
		C78F715A2507A800001B8967 /* NetWorkedData */ = {isa = PBXFileReference; lastKnownFileType = folder; name = NetWorkedData; path = ..; sourceTree = "<group>"; };
/* End PBXFileReference section */

/* Begin PBXGroup section */
		C78F71532507A7F0001B8967 = {
			isa = PBXGroup;
			children = (
				C78F715A2507A800001B8967 /* NetWorkedData */,
			);
			sourceTree = "<group>";
		};
/* End PBXGroup section */

/* Begin PBXProject section */
		C78F71542507A7F0001B8967 /* Project object */ = {
			isa = PBXProject;
			attributes = {
				LastUpgradeCheck = 1170;
			};
			buildConfigurationList = C78F71572507A7F0001B8967 /* Build configuration list for PBXProject "NetWorkedData_Project" */;
			compatibilityVersion = "Xcode 9.3";
			developmentRegion = en;
			hasScannedForEncodings = 0;
			knownRegions = (
				en,
				Base,
			);
			mainGroup = C78F71532507A7F0001B8967;
			projectDirPath = "";
			projectRoot = "";
			targets = (
			);
		};
/* End PBXProject section */

/* Begin XCBuildConfiguration section */
		C78F71582507A7F0001B8967 /* Debug */ = {
			isa = XCBuildConfiguration;
			buildSettings = {
			};
			name = Debug;
		};
		C78F71592507A7F0001B8967 /* Release */ = {
			isa = XCBuildConfiguration;
			buildSettings = {
			};
			name = Release;
		};
/* End XCBuildConfiguration section */

/* Begin XCConfigurationList section */
		C78F71572507A7F0001B8967 /* Build configuration list for PBXProject "NetWorkedData_Project" */ = {
			isa = XCConfigurationList;
			buildConfigurations = (
				C78F71582507A7F0001B8967 /* Debug */,
				C78F71592507A7F0001B8967 /* Release */,
			);
			defaultConfigurationIsVisible = 0;
			defaultConfigurationName = Release;
		};
/* End XCConfigurationList section */
	};
	rootObject = C78F71542507A7F0001B8967 /* Project object */;
}
